// !$*UTF8*$!
{
	archiveVersion = 1;
	classes = {
	};
	objectVersion = 46;
	objects = {

/* Begin PBXBuildFile section */
		533B1691199702A200591FE8 /* person-30x30.png in Resources */ = {isa = PBXBuildFile; fileRef = 533B168F199702A200591FE8 /* person-30x30.png */; };
		533B1692199702A200591FE8 /* person.png in Resources */ = {isa = PBXBuildFile; fileRef = 533B1690199702A200591FE8 /* person.png */; };
		533B16951997041E00591FE8 /* CustomerTableViewController.m in Sources */ = {isa = PBXBuildFile; fileRef = 533B16941997041E00591FE8 /* CustomerTableViewController.m */; };
		533B16981997043C00591FE8 /* CustomerViewController.m in Sources */ = {isa = PBXBuildFile; fileRef = 533B16971997043C00591FE8 /* CustomerViewController.m */; };
		533B169B1997045D00591FE8 /* CustomerCreateViewController.m in Sources */ = {isa = PBXBuildFile; fileRef = 533B169A1997045D00591FE8 /* CustomerCreateViewController.m */; };
		533B169E1997050300591FE8 /* Customer.m in Sources */ = {isa = PBXBuildFile; fileRef = 533B169D1997050300591FE8 /* Customer.m */; };
		533B16A11997053300591FE8 /* CustomerPersistence.m in Sources */ = {isa = PBXBuildFile; fileRef = 533B16A01997053300591FE8 /* CustomerPersistence.m */; };
		534F58081984BCA400CEB86F /* CoreData.xcdatamodeld in Sources */ = {isa = PBXBuildFile; fileRef = 534F58061984BCA400CEB86F /* CoreData.xcdatamodeld */; };
		534F580C1984BE0A00CEB86F /* PhotoSession.m in Sources */ = {isa = PBXBuildFile; fileRef = 534F580B1984BE0A00CEB86F /* PhotoSession.m */; };
		538F0CA21990824E0022B1A4 /* camera-30x30.png in Resources */ = {isa = PBXBuildFile; fileRef = 538F0CA11990824E0022B1A4 /* camera-30x30.png */; };
		538F0CA519908AD50022B1A4 /* SettingsViewController.m in Sources */ = {isa = PBXBuildFile; fileRef = 538F0CA419908AD50022B1A4 /* SettingsViewController.m */; };
		53A4B7E119527ADD007262F0 /* Foundation.framework in Frameworks */ = {isa = PBXBuildFile; fileRef = 53A4B7E019527ADD007262F0 /* Foundation.framework */; };
		53A4B7E319527ADD007262F0 /* CoreGraphics.framework in Frameworks */ = {isa = PBXBuildFile; fileRef = 53A4B7E219527ADD007262F0 /* CoreGraphics.framework */; };
		53A4B7E519527ADD007262F0 /* UIKit.framework in Frameworks */ = {isa = PBXBuildFile; fileRef = 53A4B7E419527ADD007262F0 /* UIKit.framework */; };
		53A4B7EB19527ADD007262F0 /* InfoPlist.strings in Resources */ = {isa = PBXBuildFile; fileRef = 53A4B7E919527ADD007262F0 /* InfoPlist.strings */; };
		53A4B7ED19527ADD007262F0 /* main.m in Sources */ = {isa = PBXBuildFile; fileRef = 53A4B7EC19527ADD007262F0 /* main.m */; };
		53A4B7F119527ADD007262F0 /* AppDelegate.m in Sources */ = {isa = PBXBuildFile; fileRef = 53A4B7F019527ADD007262F0 /* AppDelegate.m */; };
		53A4B7F419527ADD007262F0 /* Main_iPhone.storyboard in Resources */ = {isa = PBXBuildFile; fileRef = 53A4B7F219527ADD007262F0 /* Main_iPhone.storyboard */; };
		53A4B7F719527ADD007262F0 /* Main_iPad.storyboard in Resources */ = {isa = PBXBuildFile; fileRef = 53A4B7F519527ADD007262F0 /* Main_iPad.storyboard */; };
		53A4B7FA19527ADD007262F0 /* ViewController.m in Sources */ = {isa = PBXBuildFile; fileRef = 53A4B7F919527ADD007262F0 /* ViewController.m */; };
		53A4B7FC19527ADD007262F0 /* Images.xcassets in Resources */ = {isa = PBXBuildFile; fileRef = 53A4B7FB19527ADD007262F0 /* Images.xcassets */; };
		53A4B80319527ADD007262F0 /* XCTest.framework in Frameworks */ = {isa = PBXBuildFile; fileRef = 53A4B80219527ADD007262F0 /* XCTest.framework */; };
		53A4B80419527ADD007262F0 /* Foundation.framework in Frameworks */ = {isa = PBXBuildFile; fileRef = 53A4B7E019527ADD007262F0 /* Foundation.framework */; };
		53A4B80519527ADD007262F0 /* UIKit.framework in Frameworks */ = {isa = PBXBuildFile; fileRef = 53A4B7E419527ADD007262F0 /* UIKit.framework */; };
		53A4B80D19527ADD007262F0 /* InfoPlist.strings in Resources */ = {isa = PBXBuildFile; fileRef = 53A4B80B19527ADD007262F0 /* InfoPlist.strings */; };
		53A4B80F19527ADD007262F0 /* photosTests.m in Sources */ = {isa = PBXBuildFile; fileRef = 53A4B80E19527ADD007262F0 /* photosTests.m */; };
		53A4B81A19527EBC007262F0 /* camera.png in Resources */ = {isa = PBXBuildFile; fileRef = 53A4B81919527EBC007262F0 /* camera.png */; };
		53A4B81E19528021007262F0 /* PhotoSessionCreateViewController.m in Sources */ = {isa = PBXBuildFile; fileRef = 53A4B81D19528021007262F0 /* PhotoSessionCreateViewController.m */; };
		53A6688F1991D38F007A61D7 /* PhotoSessionTableViewCell.m in Sources */ = {isa = PBXBuildFile; fileRef = 53A6688E1991D38F007A61D7 /* PhotoSessionTableViewCell.m */; };
		53A668921991D9C6007A61D7 /* AssetsLibrary.framework in Frameworks */ = {isa = PBXBuildFile; fileRef = 53A668901991D96A007A61D7 /* AssetsLibrary.framework */; };
		53A668941991DD02007A61D7 /* logo.png in Resources */ = {isa = PBXBuildFile; fileRef = 53A668931991DD02007A61D7 /* logo.png */; };
		53A668971991DDCF007A61D7 /* logo-60x60.png in Resources */ = {isa = PBXBuildFile; fileRef = 53A668951991DDCF007A61D7 /* logo-60x60.png */; };
		53A668981991DDCF007A61D7 /* logo-120x120.png in Resources */ = {isa = PBXBuildFile; fileRef = 53A668961991DDCF007A61D7 /* logo-120x120.png */; };
		53A6689B1991E755007A61D7 /* PhotoSessionViewController.m in Sources */ = {isa = PBXBuildFile; fileRef = 53A6689A1991E755007A61D7 /* PhotoSessionViewController.m */; };
		53B1627C198B264E00AF3D34 /* PhotoSessionPersistence.m in Sources */ = {isa = PBXBuildFile; fileRef = 53B1627B198B264E00AF3D34 /* PhotoSessionPersistence.m */; };
		53B1627F198B360A00AF3D34 /* PhotoSessionTableViewController.m in Sources */ = {isa = PBXBuildFile; fileRef = 53B1627E198B360A00AF3D34 /* PhotoSessionTableViewController.m */; };
		DA32894BF3034C979A2ACB38 /* libPods.a in Frameworks */ = {isa = PBXBuildFile; fileRef = 39C9BFD1B8B849F28789A00A /* libPods.a */; };
/* End PBXBuildFile section */

/* Begin PBXContainerItemProxy section */
		53A4B80619527ADD007262F0 /* PBXContainerItemProxy */ = {
			isa = PBXContainerItemProxy;
			containerPortal = 53A4B7D519527ADD007262F0 /* Project object */;
			proxyType = 1;
			remoteGlobalIDString = 53A4B7DC19527ADD007262F0;
			remoteInfo = photos;
		};
/* End PBXContainerItemProxy section */

/* Begin PBXFileReference section */
		39C9BFD1B8B849F28789A00A /* libPods.a */ = {isa = PBXFileReference; explicitFileType = archive.ar; includeInIndex = 0; path = libPods.a; sourceTree = BUILT_PRODUCTS_DIR; };
		533B168F199702A200591FE8 /* person-30x30.png */ = {isa = PBXFileReference; lastKnownFileType = image.png; path = "person-30x30.png"; sourceTree = "<group>"; };
		533B1690199702A200591FE8 /* person.png */ = {isa = PBXFileReference; lastKnownFileType = image.png; path = person.png; sourceTree = "<group>"; };
		533B16931997041E00591FE8 /* CustomerTableViewController.h */ = {isa = PBXFileReference; fileEncoding = 4; lastKnownFileType = sourcecode.c.h; path = CustomerTableViewController.h; sourceTree = "<group>"; };
		533B16941997041E00591FE8 /* CustomerTableViewController.m */ = {isa = PBXFileReference; fileEncoding = 4; lastKnownFileType = sourcecode.c.objc; path = CustomerTableViewController.m; sourceTree = "<group>"; };
		533B16961997043C00591FE8 /* CustomerViewController.h */ = {isa = PBXFileReference; fileEncoding = 4; lastKnownFileType = sourcecode.c.h; path = CustomerViewController.h; sourceTree = "<group>"; };
		533B16971997043C00591FE8 /* CustomerViewController.m */ = {isa = PBXFileReference; fileEncoding = 4; lastKnownFileType = sourcecode.c.objc; path = CustomerViewController.m; sourceTree = "<group>"; };
		533B16991997045D00591FE8 /* CustomerCreateViewController.h */ = {isa = PBXFileReference; fileEncoding = 4; lastKnownFileType = sourcecode.c.h; path = CustomerCreateViewController.h; sourceTree = "<group>"; };
		533B169A1997045D00591FE8 /* CustomerCreateViewController.m */ = {isa = PBXFileReference; fileEncoding = 4; lastKnownFileType = sourcecode.c.objc; path = CustomerCreateViewController.m; sourceTree = "<group>"; };
		533B169C1997050300591FE8 /* Customer.h */ = {isa = PBXFileReference; fileEncoding = 4; lastKnownFileType = sourcecode.c.h; path = Customer.h; sourceTree = "<group>"; };
		533B169D1997050300591FE8 /* Customer.m */ = {isa = PBXFileReference; fileEncoding = 4; lastKnownFileType = sourcecode.c.objc; path = Customer.m; sourceTree = "<group>"; };
		533B169F1997053300591FE8 /* CustomerPersistence.h */ = {isa = PBXFileReference; fileEncoding = 4; lastKnownFileType = sourcecode.c.h; path = CustomerPersistence.h; sourceTree = "<group>"; };
		533B16A01997053300591FE8 /* CustomerPersistence.m */ = {isa = PBXFileReference; fileEncoding = 4; lastKnownFileType = sourcecode.c.objc; path = CustomerPersistence.m; sourceTree = "<group>"; };
		534F58071984BCA400CEB86F /* CoreData.xcdatamodel */ = {isa = PBXFileReference; lastKnownFileType = wrapper.xcdatamodel; path = CoreData.xcdatamodel; sourceTree = "<group>"; };
		534F580A1984BE0A00CEB86F /* PhotoSession.h */ = {isa = PBXFileReference; fileEncoding = 4; lastKnownFileType = sourcecode.c.h; path = PhotoSession.h; sourceTree = "<group>"; };
		534F580B1984BE0A00CEB86F /* PhotoSession.m */ = {isa = PBXFileReference; fileEncoding = 4; lastKnownFileType = sourcecode.c.objc; path = PhotoSession.m; sourceTree = "<group>"; };
		538F0CA11990824E0022B1A4 /* camera-30x30.png */ = {isa = PBXFileReference; lastKnownFileType = image.png; path = "camera-30x30.png"; sourceTree = "<group>"; };
		538F0CA319908AD50022B1A4 /* SettingsViewController.h */ = {isa = PBXFileReference; fileEncoding = 4; lastKnownFileType = sourcecode.c.h; path = SettingsViewController.h; sourceTree = "<group>"; };
		538F0CA419908AD50022B1A4 /* SettingsViewController.m */ = {isa = PBXFileReference; fileEncoding = 4; lastKnownFileType = sourcecode.c.objc; path = SettingsViewController.m; sourceTree = "<group>"; };
		53A4B7DD19527ADD007262F0 /* FestPix.app */ = {isa = PBXFileReference; explicitFileType = wrapper.application; includeInIndex = 0; path = FestPix.app; sourceTree = BUILT_PRODUCTS_DIR; };
		53A4B7E019527ADD007262F0 /* Foundation.framework */ = {isa = PBXFileReference; lastKnownFileType = wrapper.framework; name = Foundation.framework; path = System/Library/Frameworks/Foundation.framework; sourceTree = SDKROOT; };
		53A4B7E219527ADD007262F0 /* CoreGraphics.framework */ = {isa = PBXFileReference; lastKnownFileType = wrapper.framework; name = CoreGraphics.framework; path = System/Library/Frameworks/CoreGraphics.framework; sourceTree = SDKROOT; };
		53A4B7E419527ADD007262F0 /* UIKit.framework */ = {isa = PBXFileReference; lastKnownFileType = wrapper.framework; name = UIKit.framework; path = System/Library/Frameworks/UIKit.framework; sourceTree = SDKROOT; };
		53A4B7E819527ADD007262F0 /* photos-Info.plist */ = {isa = PBXFileReference; lastKnownFileType = text.plist.xml; path = "photos-Info.plist"; sourceTree = "<group>"; };
		53A4B7EA19527ADD007262F0 /* en */ = {isa = PBXFileReference; lastKnownFileType = text.plist.strings; name = en; path = en.lproj/InfoPlist.strings; sourceTree = "<group>"; };
		53A4B7EC19527ADD007262F0 /* main.m */ = {isa = PBXFileReference; lastKnownFileType = sourcecode.c.objc; path = main.m; sourceTree = "<group>"; };
		53A4B7EE19527ADD007262F0 /* photos-Prefix.pch */ = {isa = PBXFileReference; lastKnownFileType = sourcecode.c.h; path = "photos-Prefix.pch"; sourceTree = "<group>"; };
		53A4B7EF19527ADD007262F0 /* AppDelegate.h */ = {isa = PBXFileReference; lastKnownFileType = sourcecode.c.h; path = AppDelegate.h; sourceTree = "<group>"; };
		53A4B7F019527ADD007262F0 /* AppDelegate.m */ = {isa = PBXFileReference; lastKnownFileType = sourcecode.c.objc; path = AppDelegate.m; sourceTree = "<group>"; };
		53A4B7F319527ADD007262F0 /* Base */ = {isa = PBXFileReference; lastKnownFileType = file.storyboard; name = Base; path = Base.lproj/Main_iPhone.storyboard; sourceTree = "<group>"; };
		53A4B7F619527ADD007262F0 /* Base */ = {isa = PBXFileReference; lastKnownFileType = file.storyboard; name = Base; path = Base.lproj/Main_iPad.storyboard; sourceTree = "<group>"; };
		53A4B7F819527ADD007262F0 /* ViewController.h */ = {isa = PBXFileReference; lastKnownFileType = sourcecode.c.h; path = ViewController.h; sourceTree = "<group>"; };
		53A4B7F919527ADD007262F0 /* ViewController.m */ = {isa = PBXFileReference; lastKnownFileType = sourcecode.c.objc; path = ViewController.m; sourceTree = "<group>"; };
		53A4B7FB19527ADD007262F0 /* Images.xcassets */ = {isa = PBXFileReference; lastKnownFileType = folder.assetcatalog; path = Images.xcassets; sourceTree = "<group>"; };
		53A4B80119527ADD007262F0 /* photosTests.xctest */ = {isa = PBXFileReference; explicitFileType = wrapper.cfbundle; includeInIndex = 0; path = photosTests.xctest; sourceTree = BUILT_PRODUCTS_DIR; };
		53A4B80219527ADD007262F0 /* XCTest.framework */ = {isa = PBXFileReference; lastKnownFileType = wrapper.framework; name = XCTest.framework; path = Library/Frameworks/XCTest.framework; sourceTree = DEVELOPER_DIR; };
		53A4B80A19527ADD007262F0 /* photosTests-Info.plist */ = {isa = PBXFileReference; lastKnownFileType = text.plist.xml; path = "photosTests-Info.plist"; sourceTree = "<group>"; };
		53A4B80C19527ADD007262F0 /* en */ = {isa = PBXFileReference; lastKnownFileType = text.plist.strings; name = en; path = en.lproj/InfoPlist.strings; sourceTree = "<group>"; };
		53A4B80E19527ADD007262F0 /* photosTests.m */ = {isa = PBXFileReference; lastKnownFileType = sourcecode.c.objc; path = photosTests.m; sourceTree = "<group>"; };
		53A4B81919527EBC007262F0 /* camera.png */ = {isa = PBXFileReference; lastKnownFileType = image.png; path = camera.png; sourceTree = "<group>"; };
		53A4B81C19528021007262F0 /* PhotoSessionCreateViewController.h */ = {isa = PBXFileReference; fileEncoding = 4; lastKnownFileType = sourcecode.c.h; path = PhotoSessionCreateViewController.h; sourceTree = "<group>"; };
		53A4B81D19528021007262F0 /* PhotoSessionCreateViewController.m */ = {isa = PBXFileReference; fileEncoding = 4; lastKnownFileType = sourcecode.c.objc; path = PhotoSessionCreateViewController.m; sourceTree = "<group>"; };
		53A6688D1991D38F007A61D7 /* PhotoSessionTableViewCell.h */ = {isa = PBXFileReference; fileEncoding = 4; lastKnownFileType = sourcecode.c.h; path = PhotoSessionTableViewCell.h; sourceTree = "<group>"; };
		53A6688E1991D38F007A61D7 /* PhotoSessionTableViewCell.m */ = {isa = PBXFileReference; fileEncoding = 4; lastKnownFileType = sourcecode.c.objc; path = PhotoSessionTableViewCell.m; sourceTree = "<group>"; };
		53A668901991D96A007A61D7 /* AssetsLibrary.framework */ = {isa = PBXFileReference; lastKnownFileType = wrapper.framework; name = AssetsLibrary.framework; path = System/Library/Frameworks/AssetsLibrary.framework; sourceTree = SDKROOT; };
		53A668931991DD02007A61D7 /* logo.png */ = {isa = PBXFileReference; lastKnownFileType = image.png; path = logo.png; sourceTree = "<group>"; };
		53A668951991DDCF007A61D7 /* logo-60x60.png */ = {isa = PBXFileReference; lastKnownFileType = image.png; path = "logo-60x60.png"; sourceTree = "<group>"; };
		53A668961991DDCF007A61D7 /* logo-120x120.png */ = {isa = PBXFileReference; lastKnownFileType = image.png; path = "logo-120x120.png"; sourceTree = "<group>"; };
		53A668991991E755007A61D7 /* PhotoSessionViewController.h */ = {isa = PBXFileReference; fileEncoding = 4; lastKnownFileType = sourcecode.c.h; path = PhotoSessionViewController.h; sourceTree = "<group>"; };
		53A6689A1991E755007A61D7 /* PhotoSessionViewController.m */ = {isa = PBXFileReference; fileEncoding = 4; lastKnownFileType = sourcecode.c.objc; path = PhotoSessionViewController.m; sourceTree = "<group>"; };
		53B1627A198B264E00AF3D34 /* PhotoSessionPersistence.h */ = {isa = PBXFileReference; fileEncoding = 4; lastKnownFileType = sourcecode.c.h; path = PhotoSessionPersistence.h; sourceTree = "<group>"; };
		53B1627B198B264E00AF3D34 /* PhotoSessionPersistence.m */ = {isa = PBXFileReference; fileEncoding = 4; lastKnownFileType = sourcecode.c.objc; path = PhotoSessionPersistence.m; sourceTree = "<group>"; };
		53B1627D198B360A00AF3D34 /* PhotoSessionTableViewController.h */ = {isa = PBXFileReference; fileEncoding = 4; lastKnownFileType = sourcecode.c.h; path = PhotoSessionTableViewController.h; sourceTree = "<group>"; };
		53B1627E198B360A00AF3D34 /* PhotoSessionTableViewController.m */ = {isa = PBXFileReference; fileEncoding = 4; lastKnownFileType = sourcecode.c.objc; path = PhotoSessionTableViewController.m; sourceTree = "<group>"; };
		94D2FFD43F8D4BD6900E84F5 /* Pods.xcconfig */ = {isa = PBXFileReference; includeInIndex = 1; lastKnownFileType = text.xcconfig; name = Pods.xcconfig; path = Pods/Pods.xcconfig; sourceTree = "<group>"; };
/* End PBXFileReference section */

/* Begin PBXFrameworksBuildPhase section */
		53A4B7DA19527ADD007262F0 /* Frameworks */ = {
			isa = PBXFrameworksBuildPhase;
			buildActionMask = 2147483647;
			files = (
				53A668921991D9C6007A61D7 /* AssetsLibrary.framework in Frameworks */,
				53A4B7E319527ADD007262F0 /* CoreGraphics.framework in Frameworks */,
				53A4B7E519527ADD007262F0 /* UIKit.framework in Frameworks */,
				53A4B7E119527ADD007262F0 /* Foundation.framework in Frameworks */,
				DA32894BF3034C979A2ACB38 /* libPods.a in Frameworks */,
			);
			runOnlyForDeploymentPostprocessing = 0;
		};
		53A4B7FE19527ADD007262F0 /* Frameworks */ = {
			isa = PBXFrameworksBuildPhase;
			buildActionMask = 2147483647;
			files = (
				53A4B80319527ADD007262F0 /* XCTest.framework in Frameworks */,
				53A4B80519527ADD007262F0 /* UIKit.framework in Frameworks */,
				53A4B80419527ADD007262F0 /* Foundation.framework in Frameworks */,
			);
			runOnlyForDeploymentPostprocessing = 0;
		};
/* End PBXFrameworksBuildPhase section */

/* Begin PBXGroup section */
		534F58051984BC8C00CEB86F /* schema */ = {
			isa = PBXGroup;
			children = (
				534F58061984BCA400CEB86F /* CoreData.xcdatamodeld */,
			);
			name = schema;
			sourceTree = "<group>";
		};
		534F58091984BDED00CEB86F /* models */ = {
			isa = PBXGroup;
			children = (
				53B16279198B231F00AF3D34 /* persistance */,
				534F580A1984BE0A00CEB86F /* PhotoSession.h */,
				534F580B1984BE0A00CEB86F /* PhotoSession.m */,
				533B169C1997050300591FE8 /* Customer.h */,
				533B169D1997050300591FE8 /* Customer.m */,
			);
			name = models;
			sourceTree = "<group>";
		};
		53A4B7D419527ADD007262F0 = {
			isa = PBXGroup;
			children = (
				53A4B7E619527ADD007262F0 /* photos */,
				53A4B80819527ADD007262F0 /* photosTests */,
				53A4B7DF19527ADD007262F0 /* Frameworks */,
				53A4B7DE19527ADD007262F0 /* Products */,
				94D2FFD43F8D4BD6900E84F5 /* Pods.xcconfig */,
			);
			sourceTree = "<group>";
		};
		53A4B7DE19527ADD007262F0 /* Products */ = {
			isa = PBXGroup;
			children = (
				53A4B7DD19527ADD007262F0 /* FestPix.app */,
				53A4B80119527ADD007262F0 /* photosTests.xctest */,
			);
			name = Products;
			sourceTree = "<group>";
		};
		53A4B7DF19527ADD007262F0 /* Frameworks */ = {
			isa = PBXGroup;
			children = (
				53A668901991D96A007A61D7 /* AssetsLibrary.framework */,
				53A4B7E019527ADD007262F0 /* Foundation.framework */,
				53A4B7E219527ADD007262F0 /* CoreGraphics.framework */,
				53A4B7E419527ADD007262F0 /* UIKit.framework */,
				53A4B80219527ADD007262F0 /* XCTest.framework */,
				39C9BFD1B8B849F28789A00A /* libPods.a */,
			);
			name = Frameworks;
			sourceTree = "<group>";
		};
		53A4B7E619527ADD007262F0 /* photos */ = {
			isa = PBXGroup;
			children = (
				534F58091984BDED00CEB86F /* models */,
				534F58051984BC8C00CEB86F /* schema */,
				53A4B81B19527FEE007262F0 /* views */,
				53A4B81819527EBC007262F0 /* images */,
				53A4B7EF19527ADD007262F0 /* AppDelegate.h */,
				53A4B7F019527ADD007262F0 /* AppDelegate.m */,
				53A4B7F219527ADD007262F0 /* Main_iPhone.storyboard */,
				53A4B7F519527ADD007262F0 /* Main_iPad.storyboard */,
				53A4B7F819527ADD007262F0 /* ViewController.h */,
				53A4B7F919527ADD007262F0 /* ViewController.m */,
				53A4B7FB19527ADD007262F0 /* Images.xcassets */,
				53A4B7E719527ADD007262F0 /* Supporting Files */,
			);
			path = photos;
			sourceTree = "<group>";
		};
		53A4B7E719527ADD007262F0 /* Supporting Files */ = {
			isa = PBXGroup;
			children = (
				53A4B7E819527ADD007262F0 /* photos-Info.plist */,
				53A4B7E919527ADD007262F0 /* InfoPlist.strings */,
				53A4B7EC19527ADD007262F0 /* main.m */,
				53A4B7EE19527ADD007262F0 /* photos-Prefix.pch */,
			);
			name = "Supporting Files";
			sourceTree = "<group>";
		};
		53A4B80819527ADD007262F0 /* photosTests */ = {
			isa = PBXGroup;
			children = (
				53A4B80E19527ADD007262F0 /* photosTests.m */,
				53A4B80919527ADD007262F0 /* Supporting Files */,
			);
			path = photosTests;
			sourceTree = "<group>";
		};
		53A4B80919527ADD007262F0 /* Supporting Files */ = {
			isa = PBXGroup;
			children = (
				53A4B80A19527ADD007262F0 /* photosTests-Info.plist */,
				53A4B80B19527ADD007262F0 /* InfoPlist.strings */,
			);
			name = "Supporting Files";
			sourceTree = "<group>";
		};
		53A4B81819527EBC007262F0 /* images */ = {
			isa = PBXGroup;
			children = (
				533B168F199702A200591FE8 /* person-30x30.png */,
				533B1690199702A200591FE8 /* person.png */,
				53A668951991DDCF007A61D7 /* logo-60x60.png */,
				53A668961991DDCF007A61D7 /* logo-120x120.png */,
				53A668931991DD02007A61D7 /* logo.png */,
				538F0CA11990824E0022B1A4 /* camera-30x30.png */,
				53A4B81919527EBC007262F0 /* camera.png */,
			);
			path = images;
			sourceTree = "<group>";
		};
		53A4B81B19527FEE007262F0 /* views */ = {
			isa = PBXGroup;
			children = (
				53A6688C1991D369007A61D7 /* cells */,
				53A4B81C19528021007262F0 /* PhotoSessionCreateViewController.h */,
				53A4B81D19528021007262F0 /* PhotoSessionCreateViewController.m */,
				53B1627D198B360A00AF3D34 /* PhotoSessionTableViewController.h */,
				53B1627E198B360A00AF3D34 /* PhotoSessionTableViewController.m */,
				538F0CA319908AD50022B1A4 /* SettingsViewController.h */,
				538F0CA419908AD50022B1A4 /* SettingsViewController.m */,
				53A668991991E755007A61D7 /* PhotoSessionViewController.h */,
				53A6689A1991E755007A61D7 /* PhotoSessionViewController.m */,
				533B16931997041E00591FE8 /* CustomerTableViewController.h */,
				533B16941997041E00591FE8 /* CustomerTableViewController.m */,
				533B16961997043C00591FE8 /* CustomerViewController.h */,
				533B16971997043C00591FE8 /* CustomerViewController.m */,
				533B16991997045D00591FE8 /* CustomerCreateViewController.h */,
				533B169A1997045D00591FE8 /* CustomerCreateViewController.m */,
			);
			name = views;
			sourceTree = "<group>";
		};
		53A6688C1991D369007A61D7 /* cells */ = {
			isa = PBXGroup;
			children = (
				53A6688D1991D38F007A61D7 /* PhotoSessionTableViewCell.h */,
				53A6688E1991D38F007A61D7 /* PhotoSessionTableViewCell.m */,
			);
			name = cells;
			sourceTree = "<group>";
		};
		53B16279198B231F00AF3D34 /* persistance */ = {
			isa = PBXGroup;
			children = (
				53B1627A198B264E00AF3D34 /* PhotoSessionPersistence.h */,
				53B1627B198B264E00AF3D34 /* PhotoSessionPersistence.m */,
				533B169F1997053300591FE8 /* CustomerPersistence.h */,
				533B16A01997053300591FE8 /* CustomerPersistence.m */,
			);
			name = persistance;
			sourceTree = "<group>";
		};
/* End PBXGroup section */

/* Begin PBXNativeTarget section */
		53A4B7DC19527ADD007262F0 /* photos */ = {
			isa = PBXNativeTarget;
			buildConfigurationList = 53A4B81219527ADD007262F0 /* Build configuration list for PBXNativeTarget "photos" */;
			buildPhases = (
				7C24560FA04E4B4998684254 /* Check Pods Manifest.lock */,
				53A4B7D919527ADD007262F0 /* Sources */,
				53A4B7DA19527ADD007262F0 /* Frameworks */,
				53A4B7DB19527ADD007262F0 /* Resources */,
				C6DB6014CFC64720B9081D28 /* Copy Pods Resources */,
			);
			buildRules = (
			);
			dependencies = (
			);
			name = photos;
			productName = photos;
			productReference = 53A4B7DD19527ADD007262F0 /* FestPix.app */;
			productType = "com.apple.product-type.application";
		};
		53A4B80019527ADD007262F0 /* photosTests */ = {
			isa = PBXNativeTarget;
			buildConfigurationList = 53A4B81519527ADD007262F0 /* Build configuration list for PBXNativeTarget "photosTests" */;
			buildPhases = (
				53A4B7FD19527ADD007262F0 /* Sources */,
				53A4B7FE19527ADD007262F0 /* Frameworks */,
				53A4B7FF19527ADD007262F0 /* Resources */,
			);
			buildRules = (
			);
			dependencies = (
				53A4B80719527ADD007262F0 /* PBXTargetDependency */,
			);
			name = photosTests;
			productName = photosTests;
			productReference = 53A4B80119527ADD007262F0 /* photosTests.xctest */;
			productType = "com.apple.product-type.bundle.unit-test";
		};
/* End PBXNativeTarget section */

/* Begin PBXProject section */
		53A4B7D519527ADD007262F0 /* Project object */ = {
			isa = PBXProject;
			attributes = {
				LastUpgradeCheck = 0510;
				ORGANIZATIONNAME = cevaris;
				TargetAttributes = {
					53A4B7DC19527ADD007262F0 = {
						DevelopmentTeam = TBR2HWJ5WP;
					};
					53A4B80019527ADD007262F0 = {
						TestTargetID = 53A4B7DC19527ADD007262F0;
					};
				};
			};
			buildConfigurationList = 53A4B7D819527ADD007262F0 /* Build configuration list for PBXProject "photos" */;
			compatibilityVersion = "Xcode 3.2";
			developmentRegion = English;
			hasScannedForEncodings = 0;
			knownRegions = (
				en,
				Base,
			);
			mainGroup = 53A4B7D419527ADD007262F0;
			productRefGroup = 53A4B7DE19527ADD007262F0 /* Products */;
			projectDirPath = "";
			projectRoot = "";
			targets = (
				53A4B7DC19527ADD007262F0 /* photos */,
				53A4B80019527ADD007262F0 /* photosTests */,
			);
		};
/* End PBXProject section */

/* Begin PBXResourcesBuildPhase section */
		53A4B7DB19527ADD007262F0 /* Resources */ = {
			isa = PBXResourcesBuildPhase;
			buildActionMask = 2147483647;
			files = (
				53A4B7F719527ADD007262F0 /* Main_iPad.storyboard in Resources */,
				53A4B7FC19527ADD007262F0 /* Images.xcassets in Resources */,
				53A4B7F419527ADD007262F0 /* Main_iPhone.storyboard in Resources */,
				53A668971991DDCF007A61D7 /* logo-60x60.png in Resources */,
				53A4B7EB19527ADD007262F0 /* InfoPlist.strings in Resources */,
				533B1691199702A200591FE8 /* person-30x30.png in Resources */,
				533B1692199702A200591FE8 /* person.png in Resources */,
				53A668941991DD02007A61D7 /* logo.png in Resources */,
				53A4B81A19527EBC007262F0 /* camera.png in Resources */,
				53A668981991DDCF007A61D7 /* logo-120x120.png in Resources */,
				538F0CA21990824E0022B1A4 /* camera-30x30.png in Resources */,
			);
			runOnlyForDeploymentPostprocessing = 0;
		};
		53A4B7FF19527ADD007262F0 /* Resources */ = {
			isa = PBXResourcesBuildPhase;
			buildActionMask = 2147483647;
			files = (
				53A4B80D19527ADD007262F0 /* InfoPlist.strings in Resources */,
			);
			runOnlyForDeploymentPostprocessing = 0;
		};
/* End PBXResourcesBuildPhase section */

/* Begin PBXShellScriptBuildPhase section */
		7C24560FA04E4B4998684254 /* Check Pods Manifest.lock */ = {
			isa = PBXShellScriptBuildPhase;
			buildActionMask = 2147483647;
			files = (
			);
			inputPaths = (
			);
			name = "Check Pods Manifest.lock";
			outputPaths = (
			);
			runOnlyForDeploymentPostprocessing = 0;
			shellPath = /bin/sh;
			shellScript = "diff \"${PODS_ROOT}/../Podfile.lock\" \"${PODS_ROOT}/Manifest.lock\" > /dev/null\nif [[ $? != 0 ]] ; then\n    cat << EOM\nerror: The sandbox is not in sync with the Podfile.lock. Run 'pod install' or update your CocoaPods installation.\nEOM\n    exit 1\nfi\n";
			showEnvVarsInLog = 0;
		};
		C6DB6014CFC64720B9081D28 /* Copy Pods Resources */ = {
			isa = PBXShellScriptBuildPhase;
			buildActionMask = 2147483647;
			files = (
			);
			inputPaths = (
			);
			name = "Copy Pods Resources";
			outputPaths = (
			);
			runOnlyForDeploymentPostprocessing = 0;
			shellPath = /bin/sh;
			shellScript = "\"${SRCROOT}/Pods/Pods-resources.sh\"\n";
			showEnvVarsInLog = 0;
		};
/* End PBXShellScriptBuildPhase section */

/* Begin PBXSourcesBuildPhase section */
		53A4B7D919527ADD007262F0 /* Sources */ = {
			isa = PBXSourcesBuildPhase;
			buildActionMask = 2147483647;
			files = (
				53B1627F198B360A00AF3D34 /* PhotoSessionTableViewController.m in Sources */,
				53A4B81E19528021007262F0 /* PhotoSessionCreateViewController.m in Sources */,
				53A4B7FA19527ADD007262F0 /* ViewController.m in Sources */,
				538F0CA519908AD50022B1A4 /* SettingsViewController.m in Sources */,
				533B169E1997050300591FE8 /* Customer.m in Sources */,
				534F58081984BCA400CEB86F /* CoreData.xcdatamodeld in Sources */,
				533B16951997041E00591FE8 /* CustomerTableViewController.m in Sources */,
				533B16A11997053300591FE8 /* CustomerPersistence.m in Sources */,
				534F580C1984BE0A00CEB86F /* PhotoSession.m in Sources */,
				53A6689B1991E755007A61D7 /* PhotoSessionViewController.m in Sources */,
				53B1627C198B264E00AF3D34 /* PhotoSessionPersistence.m in Sources */,
				533B16981997043C00591FE8 /* CustomerViewController.m in Sources */,
				533B169B1997045D00591FE8 /* CustomerCreateViewController.m in Sources */,
				53A6688F1991D38F007A61D7 /* PhotoSessionTableViewCell.m in Sources */,
				53A4B7F119527ADD007262F0 /* AppDelegate.m in Sources */,
				53A4B7ED19527ADD007262F0 /* main.m in Sources */,
			);
			runOnlyForDeploymentPostprocessing = 0;
		};
		53A4B7FD19527ADD007262F0 /* Sources */ = {
			isa = PBXSourcesBuildPhase;
			buildActionMask = 2147483647;
			files = (
				53A4B80F19527ADD007262F0 /* photosTests.m in Sources */,
			);
			runOnlyForDeploymentPostprocessing = 0;
		};
/* End PBXSourcesBuildPhase section */

/* Begin PBXTargetDependency section */
		53A4B80719527ADD007262F0 /* PBXTargetDependency */ = {
			isa = PBXTargetDependency;
			target = 53A4B7DC19527ADD007262F0 /* photos */;
			targetProxy = 53A4B80619527ADD007262F0 /* PBXContainerItemProxy */;
		};
/* End PBXTargetDependency section */

/* Begin PBXVariantGroup section */
		53A4B7E919527ADD007262F0 /* InfoPlist.strings */ = {
			isa = PBXVariantGroup;
			children = (
				53A4B7EA19527ADD007262F0 /* en */,
			);
			name = InfoPlist.strings;
			sourceTree = "<group>";
		};
		53A4B7F219527ADD007262F0 /* Main_iPhone.storyboard */ = {
			isa = PBXVariantGroup;
			children = (
				53A4B7F319527ADD007262F0 /* Base */,
			);
			name = Main_iPhone.storyboard;
			sourceTree = "<group>";
		};
		53A4B7F519527ADD007262F0 /* Main_iPad.storyboard */ = {
			isa = PBXVariantGroup;
			children = (
				53A4B7F619527ADD007262F0 /* Base */,
			);
			name = Main_iPad.storyboard;
			sourceTree = "<group>";
		};
		53A4B80B19527ADD007262F0 /* InfoPlist.strings */ = {
			isa = PBXVariantGroup;
			children = (
				53A4B80C19527ADD007262F0 /* en */,
			);
			name = InfoPlist.strings;
			sourceTree = "<group>";
		};
/* End PBXVariantGroup section */

/* Begin XCBuildConfiguration section */
		53A4B81019527ADD007262F0 /* Debug */ = {
			isa = XCBuildConfiguration;
			buildSettings = {
				ALWAYS_SEARCH_USER_PATHS = NO;
				CLANG_CXX_LANGUAGE_STANDARD = "gnu++0x";
				CLANG_CXX_LIBRARY = "libc++";
				CLANG_ENABLE_MODULES = YES;
				CLANG_ENABLE_OBJC_ARC = YES;
				CLANG_WARN_BOOL_CONVERSION = YES;
				CLANG_WARN_CONSTANT_CONVERSION = YES;
				CLANG_WARN_DIRECT_OBJC_ISA_USAGE = YES_ERROR;
				CLANG_WARN_EMPTY_BODY = YES;
				CLANG_WARN_ENUM_CONVERSION = YES;
				CLANG_WARN_INT_CONVERSION = YES;
				CLANG_WARN_OBJC_ROOT_CLASS = YES_ERROR;
				CLANG_WARN__DUPLICATE_METHOD_MATCH = YES;
				"CODE_SIGN_IDENTITY[sdk=iphoneos*]" = "iPhone Developer";
				COPY_PHASE_STRIP = NO;
				GCC_C_LANGUAGE_STANDARD = gnu99;
				GCC_DYNAMIC_NO_PIC = NO;
				GCC_OPTIMIZATION_LEVEL = 0;
				GCC_PREPROCESSOR_DEFINITIONS = (
					"DEBUG=1",
					"$(inherited)",
				);
				GCC_SYMBOLS_PRIVATE_EXTERN = NO;
				GCC_WARN_64_TO_32_BIT_CONVERSION = YES;
				GCC_WARN_ABOUT_RETURN_TYPE = YES_ERROR;
				GCC_WARN_UNDECLARED_SELECTOR = YES;
				GCC_WARN_UNINITIALIZED_AUTOS = YES_AGGRESSIVE;
				GCC_WARN_UNUSED_FUNCTION = YES;
				GCC_WARN_UNUSED_VARIABLE = YES;
				IPHONEOS_DEPLOYMENT_TARGET = 7.1;
				ONLY_ACTIVE_ARCH = YES;
				SDKROOT = iphoneos;
				TARGETED_DEVICE_FAMILY = "1,2";
			};
			name = Debug;
		};
		53A4B81119527ADD007262F0 /* Release */ = {
			isa = XCBuildConfiguration;
			buildSettings = {
				ALWAYS_SEARCH_USER_PATHS = NO;
				CLANG_CXX_LANGUAGE_STANDARD = "gnu++0x";
				CLANG_CXX_LIBRARY = "libc++";
				CLANG_ENABLE_MODULES = YES;
				CLANG_ENABLE_OBJC_ARC = YES;
				CLANG_WARN_BOOL_CONVERSION = YES;
				CLANG_WARN_CONSTANT_CONVERSION = YES;
				CLANG_WARN_DIRECT_OBJC_ISA_USAGE = YES_ERROR;
				CLANG_WARN_EMPTY_BODY = YES;
				CLANG_WARN_ENUM_CONVERSION = YES;
				CLANG_WARN_INT_CONVERSION = YES;
				CLANG_WARN_OBJC_ROOT_CLASS = YES_ERROR;
				CLANG_WARN__DUPLICATE_METHOD_MATCH = YES;
				"CODE_SIGN_IDENTITY[sdk=iphoneos*]" = "iPhone Developer";
				COPY_PHASE_STRIP = YES;
				ENABLE_NS_ASSERTIONS = NO;
				GCC_C_LANGUAGE_STANDARD = gnu99;
				GCC_WARN_64_TO_32_BIT_CONVERSION = YES;
				GCC_WARN_ABOUT_RETURN_TYPE = YES_ERROR;
				GCC_WARN_UNDECLARED_SELECTOR = YES;
				GCC_WARN_UNINITIALIZED_AUTOS = YES_AGGRESSIVE;
				GCC_WARN_UNUSED_FUNCTION = YES;
				GCC_WARN_UNUSED_VARIABLE = YES;
				IPHONEOS_DEPLOYMENT_TARGET = 7.1;
				SDKROOT = iphoneos;
				TARGETED_DEVICE_FAMILY = "1,2";
				VALIDATE_PRODUCT = YES;
			};
			name = Release;
		};
		53A4B81319527ADD007262F0 /* Debug */ = {
			isa = XCBuildConfiguration;
			baseConfigurationReference = 94D2FFD43F8D4BD6900E84F5 /* Pods.xcconfig */;
			buildSettings = {
				ASSETCATALOG_COMPILER_APPICON_NAME = AppIcon;
				ASSETCATALOG_COMPILER_LAUNCHIMAGE_NAME = LaunchImage;
				CODE_SIGN_IDENTITY = "iPhone Developer";
				"CODE_SIGN_IDENTITY[sdk=iphoneos*]" = "iPhone Developer";
				DEVELOPMENT = 0;
				GCC_PRECOMPILE_PREFIX_HEADER = YES;
				GCC_PREFIX_HEADER = "photos/photos-Prefix.pch";
				INFOPLIST_FILE = "photos/photos-Info.plist";
				LOCAL = 1;
				PRODUCTION = 0;
				PRODUCT_NAME = FestPix;
				PROVISIONING_PROFILE = "";
				WRAPPER_EXTENSION = app;
			};
			name = Debug;
		};
		53A4B81419527ADD007262F0 /* Release */ = {
			isa = XCBuildConfiguration;
			baseConfigurationReference = 94D2FFD43F8D4BD6900E84F5 /* Pods.xcconfig */;
			buildSettings = {
				ASSETCATALOG_COMPILER_APPICON_NAME = AppIcon;
				ASSETCATALOG_COMPILER_LAUNCHIMAGE_NAME = LaunchImage;
				CODE_SIGN_IDENTITY = "iPhone Developer";
				"CODE_SIGN_IDENTITY[sdk=iphoneos*]" = "iPhone Developer";
				DEVELOPMENT = 0;
				GCC_PRECOMPILE_PREFIX_HEADER = YES;
				GCC_PREFIX_HEADER = "photos/photos-Prefix.pch";
				INFOPLIST_FILE = "photos/photos-Info.plist";
				LOCAL = 1;
				PRODUCTION = 0;
				PRODUCT_NAME = FestPix;
				PROVISIONING_PROFILE = "";
				WRAPPER_EXTENSION = app;
			};
			name = Release;
		};
		53A4B81619527ADD007262F0 /* Debug */ = {
			isa = XCBuildConfiguration;
			buildSettings = {
				BUNDLE_LOADER = "$(BUILT_PRODUCTS_DIR)/photos.app/photos";
				FRAMEWORK_SEARCH_PATHS = (
					"$(SDKROOT)/Developer/Library/Frameworks",
					"$(inherited)",
					"$(DEVELOPER_FRAMEWORKS_DIR)",
				);
				GCC_PRECOMPILE_PREFIX_HEADER = YES;
				GCC_PREFIX_HEADER = "photos/photos-Prefix.pch";
				GCC_PREPROCESSOR_DEFINITIONS = (
					"DEBUG=1",
					"$(inherited)",
				);
				INFOPLIST_FILE = "photosTests/photosTests-Info.plist";
				PRODUCT_NAME = "$(TARGET_NAME)";
				TEST_HOST = "$(BUNDLE_LOADER)";
				WRAPPER_EXTENSION = xctest;
			};
			name = Debug;
		};
		53A4B81719527ADD007262F0 /* Release */ = {
			isa = XCBuildConfiguration;
			buildSettings = {
				BUNDLE_LOADER = "$(BUILT_PRODUCTS_DIR)/photos.app/photos";
				FRAMEWORK_SEARCH_PATHS = (
					"$(SDKROOT)/Developer/Library/Frameworks",
					"$(inherited)",
					"$(DEVELOPER_FRAMEWORKS_DIR)",
				);
				GCC_PRECOMPILE_PREFIX_HEADER = YES;
				GCC_PREFIX_HEADER = "photos/photos-Prefix.pch";
				INFOPLIST_FILE = "photosTests/photosTests-Info.plist";
				PRODUCT_NAME = "$(TARGET_NAME)";
				TEST_HOST = "$(BUNDLE_LOADER)";
				WRAPPER_EXTENSION = xctest;
			};
			name = Release;
		};
/* End XCBuildConfiguration section */

/* Begin XCConfigurationList section */
		53A4B7D819527ADD007262F0 /* Build configuration list for PBXProject "photos" */ = {
			isa = XCConfigurationList;
			buildConfigurations = (
				53A4B81019527ADD007262F0 /* Debug */,
				53A4B81119527ADD007262F0 /* Release */,
			);
			defaultConfigurationIsVisible = 0;
			defaultConfigurationName = Release;
		};
		53A4B81219527ADD007262F0 /* Build configuration list for PBXNativeTarget "photos" */ = {
			isa = XCConfigurationList;
			buildConfigurations = (
				53A4B81319527ADD007262F0 /* Debug */,
				53A4B81419527ADD007262F0 /* Release */,
			);
			defaultConfigurationIsVisible = 0;
			defaultConfigurationName = Release;
		};
		53A4B81519527ADD007262F0 /* Build configuration list for PBXNativeTarget "photosTests" */ = {
			isa = XCConfigurationList;
			buildConfigurations = (
				53A4B81619527ADD007262F0 /* Debug */,
				53A4B81719527ADD007262F0 /* Release */,
			);
			defaultConfigurationIsVisible = 0;
			defaultConfigurationName = Release;
		};
/* End XCConfigurationList section */

/* Begin XCVersionGroup section */
		534F58061984BCA400CEB86F /* CoreData.xcdatamodeld */ = {
			isa = XCVersionGroup;
			children = (
				534F58071984BCA400CEB86F /* CoreData.xcdatamodel */,
			);
			currentVersion = 534F58071984BCA400CEB86F /* CoreData.xcdatamodel */;
			path = CoreData.xcdatamodeld;
			sourceTree = "<group>";
			versionGroupType = wrapper.xcdatamodel;
		};
/* End XCVersionGroup section */
	};
	rootObject = 53A4B7D519527ADD007262F0 /* Project object */;
}
